
Microsoft Visual Studio Solution File, Format Version 12.00
# Visual Studio 15
VisualStudioVersion = 15.0.28307.1500
MinimumVisualStudioVersion = 10.0.40219.1
Project("{FAE04EC0-301F-11D3-BF4B-00C04F79EFBC}") = "InterviewProjectCGI", "InterviewProjectCGI\InterviewProjectCGI.csproj", "{B6250975-B0B4-47A7-A258-57021CAF4625}"
EndProject
Global
	GlobalSection(SolutionConfigurationPlatforms) = preSolution
		Debug|Any CPU = Debug|Any CPU
		Release|Any CPU = Release|Any CPU
	EndGlobalSection
	GlobalSection(ProjectConfigurationPlatforms) = postSolution
		{B6250975-B0B4-47A7-A258-57021CAF4625}.Debug|Any CPU.ActiveCfg = Debug|Any CPU
		{B6250975-B0B4-47A7-A258-57021CAF4625}.Debug|Any CPU.Build.0 = Debug|Any CPU
		{B6250975-B0B4-47A7-A258-57021CAF4625}.Release|Any CPU.ActiveCfg = Release|Any CPU
		{B6250975-B0B4-47A7-A258-57021CAF4625}.Release|Any CPU.Build.0 = Release|Any CPU
	EndGlobalSection
	GlobalSection(SolutionProperties) = preSolution
		HideSolutionNode = FALSE
	EndGlobalSection
	GlobalSection(ExtensibilityGlobals) = postSolution
		SolutionGuid = {844E2B61-893F-4140-B88C-08E3C87DEB21}
	EndGlobalSection
EndGlobal
